
Microsoft Visual Studio Solution File, Format Version 12.00
# Visual Studio Version 16
VisualStudioVersion = 16.0.30204.135
MinimumVisualStudioVersion = 10.0.40219.1
Project("{FAE04EC0-301F-11D3-BF4B-00C04F79EFBC}") = "MartianRobots.Console", "MartianRobots.Console\MartianRobots.Console.csproj", "{B73DBD83-5D50-431A-A0F6-2E97360ED669}"
EndProject
Project("{FAE04EC0-301F-11D3-BF4B-00C04F79EFBC}") = "MartianRobots.Core", "MartianRobots.Core\MartianRobots.Core.csproj", "{064AF943-A543-4C74-BC3B-BA3D4E87E4D1}"
EndProject
Project("{FAE04EC0-301F-11D3-BF4B-00C04F79EFBC}") = "MartianRobots.Tests", "MartianRobots.Tests\MartianRobots.Tests.csproj", "{B86C116E-636D-41D2-8224-618D512DA1FF}"
EndProject
Global
	GlobalSection(SolutionConfigurationPlatforms) = preSolution
		Debug|Any CPU = Debug|Any CPU
		Release|Any CPU = Release|Any CPU
	EndGlobalSection
	GlobalSection(ProjectConfigurationPlatforms) = postSolution
		{B73DBD83-5D50-431A-A0F6-2E97360ED669}.Debug|Any CPU.ActiveCfg = Debug|Any CPU
		{B73DBD83-5D50-431A-A0F6-2E97360ED669}.Debug|Any CPU.Build.0 = Debug|Any CPU
		{B73DBD83-5D50-431A-A0F6-2E97360ED669}.Release|Any CPU.ActiveCfg = Release|Any CPU
		{B73DBD83-5D50-431A-A0F6-2E97360ED669}.Release|Any CPU.Build.0 = Release|Any CPU
		{064AF943-A543-4C74-BC3B-BA3D4E87E4D1}.Debug|Any CPU.ActiveCfg = Debug|Any CPU
		{064AF943-A543-4C74-BC3B-BA3D4E87E4D1}.Debug|Any CPU.Build.0 = Debug|Any CPU
		{064AF943-A543-4C74-BC3B-BA3D4E87E4D1}.Release|Any CPU.ActiveCfg = Release|Any CPU
		{064AF943-A543-4C74-BC3B-BA3D4E87E4D1}.Release|Any CPU.Build.0 = Release|Any CPU
		{B86C116E-636D-41D2-8224-618D512DA1FF}.Debug|Any CPU.ActiveCfg = Debug|Any CPU
		{B86C116E-636D-41D2-8224-618D512DA1FF}.Debug|Any CPU.Build.0 = Debug|Any CPU
		{B86C116E-636D-41D2-8224-618D512DA1FF}.Release|Any CPU.ActiveCfg = Release|Any CPU
		{B86C116E-636D-41D2-8224-618D512DA1FF}.Release|Any CPU.Build.0 = Release|Any CPU
	EndGlobalSection
	GlobalSection(SolutionProperties) = preSolution
		HideSolutionNode = FALSE
	EndGlobalSection
	GlobalSection(ExtensibilityGlobals) = postSolution
		SolutionGuid = {7EAF85A7-2558-48E2-84ED-79560208084B}
	EndGlobalSection
EndGlobal
